
Microsoft Visual Studio Solution File, Format Version 12.00
# Visual Studio Version 18
VisualStudioVersion = 18.2.11408.102
MinimumVisualStudioVersion = 10.0.40219.1
Project("{2150E333-8FDC-42A3-9474-1A3956D46DE8}") = "src", "src", "{02EA681E-C7D8-13C7-8484-4AC65E1B71E8}"
EndProject
Project("{2150E333-8FDC-42A3-9474-1A3956D46DE8}") = "tests", "tests", "{7D6A9570-2B0C-4B51-92F4-610CEDDD6A48}"
EndProject
Project("{2150E333-8FDC-42A3-9474-1A3956D46DE8}") = "Shared", "Shared", "{D01976CC-118D-4A0D-A27A-AADE892CD869}"
EndProject
Project("{2150E333-8FDC-42A3-9474-1A3956D46DE8}") = "Modules", "Modules", "{E0E282A4-1A8A-484E-9FD0-5777F3CC5EEC}"
EndProject
Project("{2150E333-8FDC-42A3-9474-1A3956D46DE8}") = "API", "API", "{060A8B22-C836-41E5-90A0-4AE711C62D74}"
EndProject
Project("{2150E333-8FDC-42A3-9474-1A3956D46DE8}") = "Card", "Card", "{F5150ACC-D95E-49AA-B211-24CD2DB00B16}"
EndProject
Project("{FAE04EC0-301F-11D3-BF4B-00C04F79EFBC}") = "CardMerchantSystem.Shared", "CardMerchantSystem.Shared\CardMerchantSystem.Shared.csproj", "{F81DC269-317F-45C9-8559-9CE98EA34ACA}"
EndProject
Project("{FAE04EC0-301F-11D3-BF4B-00C04F79EFBC}") = "Card.Domain", "Card.Domain\Card.Domain.csproj", "{38738100-8BE1-4DC8-91BC-5D6F7211D6A9}"
EndProject
Project("{FAE04EC0-301F-11D3-BF4B-00C04F79EFBC}") = "Card.Application", "Card.Application\Card.Application.csproj", "{ED796C4F-4DFE-4A7D-AAC4-BB2C07B5FCD9}"
EndProject
Project("{FAE04EC0-301F-11D3-BF4B-00C04F79EFBC}") = "Card.Infrastructure", "Card.Infrastructure\Card.Infrastructure.csproj", "{766DDBFE-C10D-40A2-9F0A-48F1ED90A0B3}"
EndProject
Project("{FAE04EC0-301F-11D3-BF4B-00C04F79EFBC}") = "CardMerchantSystem.API", "CardMerchantSystem.API\CardMerchantSystem.API.csproj", "{07DD1E04-BD7E-4D66-91B1-037FC835EB80}"
EndProject
Project("{2150E333-8FDC-42A3-9474-1A3956D46DE8}") = "Merchant", "Merchant", "{432E9B2A-A47A-4756-8FAA-FA161654D1AB}"
EndProject
Project("{FAE04EC0-301F-11D3-BF4B-00C04F79EFBC}") = "Merchant.Domain", "Merchant.Domain\Merchant.Domain.csproj", "{199E66A0-0DA7-4AB1-B034-E4E434E8E921}"
EndProject
Project("{FAE04EC0-301F-11D3-BF4B-00C04F79EFBC}") = "Merchant.Application", "Merchant.Application\Merchant.Application.csproj", "{889DD8C6-55BF-4192-AF52-1F4C8DE47E8C}"
EndProject
Project("{FAE04EC0-301F-11D3-BF4B-00C04F79EFBC}") = "Merchant.Infrastructure", "Merchant.Infrastructure\Merchant.Infrastructure.csproj", "{6D23B996-9997-4ED2-B972-3162EE509502}"
EndProject
Project("{2150E333-8FDC-42A3-9474-1A3956D46DE8}") = "Transaction", "Transaction", "{3C5F53C2-E213-4E9B-91B5-331668D7E56D}"
EndProject
Project("{FAE04EC0-301F-11D3-BF4B-00C04F79EFBC}") = "Transaction.Domain", "Transaction.Domain\Transaction.Domain.csproj", "{9BEFC5B9-86CD-404B-96B6-C8BD948066D8}"
EndProject
Project("{FAE04EC0-301F-11D3-BF4B-00C04F79EFBC}") = "Transaction.Application", "Transaction.Application\Transaction.Application.csproj", "{4D00BABB-772B-4575-A145-1EAB3E4522AD}"
EndProject
Project("{FAE04EC0-301F-11D3-BF4B-00C04F79EFBC}") = "Transaction.Infrastructure", "Transaction.Infrastructure\Transaction.Infrastructure.csproj", "{913E9C97-3C9A-4DA8-AE3C-E8BB9FF47D3D}"
EndProject
Project("{FAE04EC0-301F-11D3-BF4B-00C04F79EFBC}") = "CardMerchantSystem.Tests", "CardMerchantSystem.Tests\CardMerchantSystem.Tests.csproj", "{197480C6-B39F-4E1A-A773-C8769E3FD8A2}"
EndProject
Project("{2150E333-8FDC-42A3-9474-1A3956D46DE8}") = "Dispute", "Dispute", "{E7726288-C8B4-4F56-923C-37FFA9279631}"
EndProject
Project("{FAE04EC0-301F-11D3-BF4B-00C04F79EFBC}") = "Dispute.Domain", "Dispute.Domain\Dispute.Domain.csproj", "{4C1114F2-3390-4392-9D4D-16302D467C6B}"
EndProject
Project("{FAE04EC0-301F-11D3-BF4B-00C04F79EFBC}") = "Dispute.Application", "Dispute.Application\Dispute.Application.csproj", "{8133AFCB-5383-44F5-A4FA-E0A63D5A70EE}"
EndProject
Project("{FAE04EC0-301F-11D3-BF4B-00C04F79EFBC}") = "Dispute.Infrastructure", "Dispute.Infrastructure\Dispute.Infrastructure.csproj", "{3264A54B-0833-47AF-8AD7-B30F9D1026E4}"
EndProject
Project("{2150E333-8FDC-42A3-9474-1A3956D46DE8}") = "Campaign", "Campaign", "{ABF59378-FA15-45F3-90E0-4C114F8F1A39}"
EndProject
Project("{FAE04EC0-301F-11D3-BF4B-00C04F79EFBC}") = "Campaign.Domain", "Campaign.Domain\Campaign.Domain.csproj", "{356ED005-5DC2-41C7-8D62-B2DEFE73428D}"
EndProject
Project("{FAE04EC0-301F-11D3-BF4B-00C04F79EFBC}") = "Campaign.Application", "Campaign.Application\Campaign.Application.csproj", "{8A014455-AFAE-4C06-B2C5-525987B9C9F1}"
EndProject
Project("{FAE04EC0-301F-11D3-BF4B-00C04F79EFBC}") = "Campaign.Infrastructure", "Campaign.Infrastructure\Campaign.Infrastructure.csproj", "{22BD4E55-A464-426A-A1C2-047F680B5333}"
EndProject
Project("{2150E333-8FDC-42A3-9474-1A3956D46DE8}") = "BKM", "BKM", "{BDAB286A-04E8-412C-9272-944E14B4E077}"
EndProject
Project("{FAE04EC0-301F-11D3-BF4B-00C04F79EFBC}") = "BKM.Domain", "BKM.Domain\BKM.Domain.csproj", "{90C89AE8-11D6-46DF-958F-DABE138018C7}"
EndProject
Project("{FAE04EC0-301F-11D3-BF4B-00C04F79EFBC}") = "BKM.Application", "BKM.Application\BKM.Application.csproj", "{F4F0C606-0D65-430A-A5AA-5CEAE5A0E951}"
EndProject
Project("{FAE04EC0-301F-11D3-BF4B-00C04F79EFBC}") = "BKM.Infrastructure", "BKM.Infrastructure\BKM.Infrastructure.csproj", "{A15451DA-0CD5-4DA6-B8F1-7EC276DD957D}"
EndProject
Project("{2150E333-8FDC-42A3-9474-1A3956D46DE8}") = "HSM", "HSM", "{53EA5BEE-7972-41DD-8C62-FEA64D4BC00A}"
EndProject
Project("{FAE04EC0-301F-11D3-BF4B-00C04F79EFBC}") = "HSM.Domain", "HSM.Domain\HSM.Domain.csproj", "{23741B86-2363-42ED-A211-616A15E8E612}"
EndProject
Project("{FAE04EC0-301F-11D3-BF4B-00C04F79EFBC}") = "HSM.Application", "HSM.Application\HSM.Application.csproj", "{D2619763-9D42-4F20-8FDF-A5031CCBDEBA}"
EndProject
Project("{FAE04EC0-301F-11D3-BF4B-00C04F79EFBC}") = "HSM.Infrastructure", "HSM.Infrastructure\HSM.Infrastructure.csproj", "{C887A578-C61E-4476-AE6E-352840AB8A69}"
EndProject
Project("{2150E333-8FDC-42A3-9474-1A3956D46DE8}") = "Fee", "Fee", "{58525056-80D5-47AD-B6B6-C252B26FD7A1}"
EndProject
Project("{FAE04EC0-301F-11D3-BF4B-00C04F79EFBC}") = "Fee.Domain", "Fee.Domain\Fee.Domain.csproj", "{3248CB2E-1B61-47B0-9C1A-E4AAD844D431}"
EndProject
Project("{FAE04EC0-301F-11D3-BF4B-00C04F79EFBC}") = "Fee.Application", "Fee.Application\Fee.Application.csproj", "{030A56BF-F93A-4955-9CA4-E68B6F516A6B}"
EndProject
Project("{FAE04EC0-301F-11D3-BF4B-00C04F79EFBC}") = "Fee.Infrastructure", "Fee.Infrastructure\Fee.Infrastructure.csproj", "{F4F58856-06C7-4892-9CC3-D894990383D8}"
EndProject
Project("{2150E333-8FDC-42A3-9474-1A3956D46DE8}") = "Statement", "Statement", "{814B5AAD-83B6-4FBF-AA2F-8F48CEFAE6DF}"
EndProject
Project("{FAE04EC0-301F-11D3-BF4B-00C04F79EFBC}") = "Statement.Domain", "Statement.Domain\Statement.Domain.csproj", "{C46BC790-B182-46EE-B5FE-8D5EAA8F83DB}"
EndProject
Project("{FAE04EC0-301F-11D3-BF4B-00C04F79EFBC}") = "Statement.Application", "Statement.Application\Statement.Application.csproj", "{1C95FB38-238C-4A77-AF58-C12C8B85D067}"
EndProject
Project("{FAE04EC0-301F-11D3-BF4B-00C04F79EFBC}") = "Statement.Infrastructure", "Statement.Infrastructure\Statement.Infrastructure.csproj", "{D7A03818-32E3-4CD6-92D5-FEC666CC98C9}"
EndProject
Project("{2150E333-8FDC-42A3-9474-1A3956D46DE8}") = "Accounting", "Accounting", "{B59F53C4-440F-479F-BE70-F17701493FDE}"
EndProject
Project("{FAE04EC0-301F-11D3-BF4B-00C04F79EFBC}") = "Accounting.Domain", "Accounting.Domain\Accounting.Domain.csproj", "{C17F519B-D827-4135-8576-751F8F740575}"
EndProject
Project("{FAE04EC0-301F-11D3-BF4B-00C04F79EFBC}") = "Accounting.Application", "Accounting.Application\Accounting.Application.csproj", "{F8434937-E92F-446C-89BF-D7B38E826E46}"
EndProject
Project("{FAE04EC0-301F-11D3-BF4B-00C04F79EFBC}") = "Accounting.Infrastructure", "Accounting.Infrastructure\Accounting.Infrastructure.csproj", "{CEE3D0F7-2DB1-445B-8963-A110E1E610FB}"
EndProject
Project("{2150E333-8FDC-42A3-9474-1A3956D46DE8}") = "Solution Items", "Solution Items", "{8EC462FD-D22E-90A8-E5CE-7E832BA40C5D}"
	ProjectSection(SolutionItems) = preProject
		PROJECT_STATUS.md = PROJECT_STATUS.md
		README.md = README.md
	EndProjectSection
EndProject
Project("{2150E333-8FDC-42A3-9474-1A3956D46DE8}") = "MerchantReport", "MerchantReport", "{96BFCF6D-254A-4303-B2A6-33970B57FFBA}"
EndProject
Project("{FAE04EC0-301F-11D3-BF4B-00C04F79EFBC}") = "MerchantReport.Domain", "MerchantReport.Domain\MerchantReport.Domain.csproj", "{3E9AB677-69AF-4457-AF25-F77167F903DE}"
EndProject
Project("{FAE04EC0-301F-11D3-BF4B-00C04F79EFBC}") = "MerchantReport.Application", "MerchantReport.Application\MerchantReport.Application.csproj", "{7C1E2AF3-9D36-4F1B-8731-CDDB1FC2DE6A}"
EndProject
Project("{FAE04EC0-301F-11D3-BF4B-00C04F79EFBC}") = "MerchantReport.Infrastructure", "MerchantReport.Infrastructure\MerchantReport.Infrastructure.csproj", "{FF7862FC-E60D-4F92-BD74-CE8CDD27DC4C}"
EndProject
Project("{2150E333-8FDC-42A3-9474-1A3956D46DE8}") = "MerchantSettlement", "MerchantSettlement", "{9EE03479-3A5D-4D6C-8E76-642DE48A6E57}"
EndProject
Project("{FAE04EC0-301F-11D3-BF4B-00C04F79EFBC}") = "MerchantSettlement.Domain", "MerchantSettlement.Domain\MerchantSettlement.Domain.csproj", "{A07CCFE9-DCF2-4163-BDD7-0A6BFF2F09F2}"
EndProject
Project("{FAE04EC0-301F-11D3-BF4B-00C04F79EFBC}") = "MerchantSettlement.Application", "MerchantSettlement.Application\MerchantSettlement.Application.csproj", "{F9DB24FE-CA47-4D57-AFC9-6D45398DA32E}"
EndProject
Project("{FAE04EC0-301F-11D3-BF4B-00C04F79EFBC}") = "MerchantSettlement.Infrastructure", "MerchantSettlement.Infrastructure\MerchantSettlement.Infrastructure.csproj", "{54062E2E-4C91-4554-9347-6E1B0E4524AC}"
EndProject
Project("{2150E333-8FDC-42A3-9474-1A3956D46DE8}") = "BulkCardPrint", "BulkCardPrint", "{4B9A80F7-83DF-4E3C-A077-99A30515D04B}"
EndProject
Project("{FAE04EC0-301F-11D3-BF4B-00C04F79EFBC}") = "BulkCardPrint.Domain", "BulkCardPrint.Domain\BulkCardPrint.Domain.csproj", "{4A7EE777-3F8D-4A8A-B2C7-ECE9CCC099EF}"
EndProject
Project("{FAE04EC0-301F-11D3-BF4B-00C04F79EFBC}") = "BulkCardPrint.Application", "BulkCardPrint.Application\BulkCardPrint.Application.csproj", "{54737EA6-754C-4A71-9EDC-3A5410109CC3}"
EndProject
Project("{FAE04EC0-301F-11D3-BF4B-00C04F79EFBC}") = "BulkCardPrint.Infrastructure", "BulkCardPrint.Infrastructure\BulkCardPrint.Infrastructure.csproj", "{31930880-6377-449C-A5B1-8577CF4A937F}"
EndProject
Project("{2150E333-8FDC-42A3-9474-1A3956D46DE8}") = "RegulatoryReporting", "RegulatoryReporting", "{6ED8A86C-028A-4294-9078-F64929BAD7BD}"
EndProject
Project("{FAE04EC0-301F-11D3-BF4B-00C04F79EFBC}") = "RegulatoryReporting.Domain", "RegulatoryReporting.Domain\RegulatoryReporting.Domain.csproj", "{65D10CF0-A723-4CF4-AB6D-28155B6C17FE}"
EndProject
Project("{FAE04EC0-301F-11D3-BF4B-00C04F79EFBC}") = "RegulatoryReporting.Application", "RegulatoryReporting.Application\RegulatoryReporting.Application.csproj", "{6E03987C-9B8C-4837-BE32-A30044E1CD86}"
EndProject
Project("{FAE04EC0-301F-11D3-BF4B-00C04F79EFBC}") = "RegulatoryReporting.Infrastructure", "RegulatoryReporting.Infrastructure\RegulatoryReporting.Infrastructure.csproj", "{5127A187-5F70-447C-8B00-5C975577F28D}"
EndProject
Project("{2150E333-8FDC-42A3-9474-1A3956D46DE8}") = "Courier", "Courier", "{6BBD2ED4-0CC1-4506-82ED-41A4DF0C4507}"
EndProject
Project("{FAE04EC0-301F-11D3-BF4B-00C04F79EFBC}") = "Courier.Domain", "Courier.Domain\Courier.Domain.csproj", "{A5318A89-E1C0-4984-B1CD-9184640B8B39}"
EndProject
Project("{FAE04EC0-301F-11D3-BF4B-00C04F79EFBC}") = "Courier.Application", "Courier.Application\Courier.Application.csproj", "{58EA4417-B6D3-46FC-9648-795A9D9B7BE1}"
EndProject
Project("{FAE04EC0-301F-11D3-BF4B-00C04F79EFBC}") = "Courier.Infrastructure", "Courier.Infrastructure\Courier.Infrastructure.csproj", "{790F772E-E7CC-4309-AAB9-397023BF6AAA}"
EndProject
Project("{2150E333-8FDC-42A3-9474-1A3956D46DE8}") = "EarlyBlockResolution", "EarlyBlockResolution", "{D4454C86-F694-47CB-9D9E-62B5352CD088}"
EndProject
Project("{FAE04EC0-301F-11D3-BF4B-00C04F79EFBC}") = "EarlyBlockResolution.Domain", "EarlyBlockResolution.Domain\EarlyBlockResolution.Domain.csproj", "{7C67B2BB-C865-4D17-9CCD-978345CB0C30}"
EndProject
Project("{FAE04EC0-301F-11D3-BF4B-00C04F79EFBC}") = "EarlyBlockResolution.Infrastructure", "EarlyBlockResolution.Infrastructure\EarlyBlockResolution.Infrastructure.csproj", "{61BFFF25-643E-4F52-9801-1F25860783E6}"
EndProject
Project("{FAE04EC0-301F-11D3-BF4B-00C04F79EFBC}") = "EarlyBlockResolution.Application", "EarlyBlockResolution.Application\EarlyBlockResolution.Application.csproj", "{E8030103-4096-4B63-9C7A-0BED30BA2280}"
EndProject
Project("{2150E333-8FDC-42A3-9474-1A3956D46DE8}") = "WorkOrder", "WorkOrder", "{2694160B-8D9F-49E4-B6BA-B1DF45C48B15}"
EndProject
Project("{FAE04EC0-301F-11D3-BF4B-00C04F79EFBC}") = "WorkOrder.Domain", "WorkOrder.Domain\WorkOrder.Domain.csproj", "{99DD3C00-2A10-4C1B-BCA3-87E05DB8B709}"
EndProject
Project("{FAE04EC0-301F-11D3-BF4B-00C04F79EFBC}") = "WorkOrder.Application", "WorkOrder.Application\WorkOrder.Application.csproj", "{C3370CFB-545A-439A-9281-E2CAFE5DB460}"
EndProject
Project("{FAE04EC0-301F-11D3-BF4B-00C04F79EFBC}") = "WorkOrder.Infrastructure", "WorkOrder.Infrastructure\WorkOrder.Infrastructure.csproj", "{328B3A5B-842B-4CCD-BC32-9128AEED4C34}"
EndProject
Project("{2150E333-8FDC-42A3-9474-1A3956D46DE8}") = "Auth", "Auth", "{6D4F5245-87A0-4D52-8500-5AF8CE6CD05F}"
EndProject
Global
	GlobalSection(SolutionConfigurationPlatforms) = preSolution
		Debug|Any CPU = Debug|Any CPU
		Release|Any CPU = Release|Any CPU
	EndGlobalSection
	GlobalSection(ProjectConfigurationPlatforms) = postSolution
		{F81DC269-317F-45C9-8559-9CE98EA34ACA}.Debug|Any CPU.ActiveCfg = Debug|Any CPU
		{F81DC269-317F-45C9-8559-9CE98EA34ACA}.Debug|Any CPU.Build.0 = Debug|Any CPU
		{F81DC269-317F-45C9-8559-9CE98EA34ACA}.Release|Any CPU.ActiveCfg = Release|Any CPU
		{F81DC269-317F-45C9-8559-9CE98EA34ACA}.Release|Any CPU.Build.0 = Release|Any CPU
		{38738100-8BE1-4DC8-91BC-5D6F7211D6A9}.Debug|Any CPU.ActiveCfg = Debug|Any CPU
		{38738100-8BE1-4DC8-91BC-5D6F7211D6A9}.Debug|Any CPU.Build.0 = Debug|Any CPU
		{38738100-8BE1-4DC8-91BC-5D6F7211D6A9}.Release|Any CPU.ActiveCfg = Release|Any CPU
		{38738100-8BE1-4DC8-91BC-5D6F7211D6A9}.Release|Any CPU.Build.0 = Release|Any CPU
		{ED796C4F-4DFE-4A7D-AAC4-BB2C07B5FCD9}.Debug|Any CPU.ActiveCfg = Debug|Any CPU
		{ED796C4F-4DFE-4A7D-AAC4-BB2C07B5FCD9}.Debug|Any CPU.Build.0 = Debug|Any CPU
		{ED796C4F-4DFE-4A7D-AAC4-BB2C07B5FCD9}.Release|Any CPU.ActiveCfg = Release|Any CPU
		{ED796C4F-4DFE-4A7D-AAC4-BB2C07B5FCD9}.Release|Any CPU.Build.0 = Release|Any CPU
		{766DDBFE-C10D-40A2-9F0A-48F1ED90A0B3}.Debug|Any CPU.ActiveCfg = Debug|Any CPU
		{766DDBFE-C10D-40A2-9F0A-48F1ED90A0B3}.Debug|Any CPU.Build.0 = Debug|Any CPU
		{766DDBFE-C10D-40A2-9F0A-48F1ED90A0B3}.Release|Any CPU.ActiveCfg = Release|Any CPU
		{766DDBFE-C10D-40A2-9F0A-48F1ED90A0B3}.Release|Any CPU.Build.0 = Release|Any CPU
		{07DD1E04-BD7E-4D66-91B1-037FC835EB80}.Debug|Any CPU.ActiveCfg = Debug|Any CPU
		{07DD1E04-BD7E-4D66-91B1-037FC835EB80}.Debug|Any CPU.Build.0 = Debug|Any CPU
		{07DD1E04-BD7E-4D66-91B1-037FC835EB80}.Release|Any CPU.ActiveCfg = Release|Any CPU
		{07DD1E04-BD7E-4D66-91B1-037FC835EB80}.Release|Any CPU.Build.0 = Release|Any CPU
		{199E66A0-0DA7-4AB1-B034-E4E434E8E921}.Debug|Any CPU.ActiveCfg = Debug|Any CPU
		{199E66A0-0DA7-4AB1-B034-E4E434E8E921}.Debug|Any CPU.Build.0 = Debug|Any CPU
		{199E66A0-0DA7-4AB1-B034-E4E434E8E921}.Release|Any CPU.ActiveCfg = Release|Any CPU
		{199E66A0-0DA7-4AB1-B034-E4E434E8E921}.Release|Any CPU.Build.0 = Release|Any CPU
		{889DD8C6-55BF-4192-AF52-1F4C8DE47E8C}.Debug|Any CPU.ActiveCfg = Debug|Any CPU
		{889DD8C6-55BF-4192-AF52-1F4C8DE47E8C}.Debug|Any CPU.Build.0 = Debug|Any CPU
		{889DD8C6-55BF-4192-AF52-1F4C8DE47E8C}.Release|Any CPU.ActiveCfg = Release|Any CPU
		{889DD8C6-55BF-4192-AF52-1F4C8DE47E8C}.Release|Any CPU.Build.0 = Release|Any CPU
		{6D23B996-9997-4ED2-B972-3162EE509502}.Debug|Any CPU.ActiveCfg = Debug|Any CPU
		{6D23B996-9997-4ED2-B972-3162EE509502}.Debug|Any CPU.Build.0 = Debug|Any CPU
		{6D23B996-9997-4ED2-B972-3162EE509502}.Release|Any CPU.ActiveCfg = Release|Any CPU
		{6D23B996-9997-4ED2-B972-3162EE509502}.Release|Any CPU.Build.0 = Release|Any CPU
		{9BEFC5B9-86CD-404B-96B6-C8BD948066D8}.Debug|Any CPU.ActiveCfg = Debug|Any CPU
		{9BEFC5B9-86CD-404B-96B6-C8BD948066D8}.Debug|Any CPU.Build.0 = Debug|Any CPU
		{9BEFC5B9-86CD-404B-96B6-C8BD948066D8}.Release|Any CPU.ActiveCfg = Release|Any CPU
		{9BEFC5B9-86CD-404B-96B6-C8BD948066D8}.Release|Any CPU.Build.0 = Release|Any CPU
		{4D00BABB-772B-4575-A145-1EAB3E4522AD}.Debug|Any CPU.ActiveCfg = Debug|Any CPU
		{4D00BABB-772B-4575-A145-1EAB3E4522AD}.Debug|Any CPU.Build.0 = Debug|Any CPU
		{4D00BABB-772B-4575-A145-1EAB3E4522AD}.Release|Any CPU.ActiveCfg = Release|Any CPU
		{4D00BABB-772B-4575-A145-1EAB3E4522AD}.Release|Any CPU.Build.0 = Release|Any CPU
		{913E9C97-3C9A-4DA8-AE3C-E8BB9FF47D3D}.Debug|Any CPU.ActiveCfg = Debug|Any CPU
		{913E9C97-3C9A-4DA8-AE3C-E8BB9FF47D3D}.Debug|Any CPU.Build.0 = Debug|Any CPU
		{913E9C97-3C9A-4DA8-AE3C-E8BB9FF47D3D}.Release|Any CPU.ActiveCfg = Release|Any CPU
		{913E9C97-3C9A-4DA8-AE3C-E8BB9FF47D3D}.Release|Any CPU.Build.0 = Release|Any CPU
		{197480C6-B39F-4E1A-A773-C8769E3FD8A2}.Debug|Any CPU.ActiveCfg = Debug|Any CPU
		{197480C6-B39F-4E1A-A773-C8769E3FD8A2}.Debug|Any CPU.Build.0 = Debug|Any CPU
		{197480C6-B39F-4E1A-A773-C8769E3FD8A2}.Release|Any CPU.ActiveCfg = Release|Any CPU
		{197480C6-B39F-4E1A-A773-C8769E3FD8A2}.Release|Any CPU.Build.0 = Release|Any CPU
		{4C1114F2-3390-4392-9D4D-16302D467C6B}.Debug|Any CPU.ActiveCfg = Debug|Any CPU
		{4C1114F2-3390-4392-9D4D-16302D467C6B}.Debug|Any CPU.Build.0 = Debug|Any CPU
		{4C1114F2-3390-4392-9D4D-16302D467C6B}.Release|Any CPU.ActiveCfg = Release|Any CPU
		{4C1114F2-3390-4392-9D4D-16302D467C6B}.Release|Any CPU.Build.0 = Release|Any CPU
		{8133AFCB-5383-44F5-A4FA-E0A63D5A70EE}.Debug|Any CPU.ActiveCfg = Debug|Any CPU
		{8133AFCB-5383-44F5-A4FA-E0A63D5A70EE}.Debug|Any CPU.Build.0 = Debug|Any CPU
		{8133AFCB-5383-44F5-A4FA-E0A63D5A70EE}.Release|Any CPU.ActiveCfg = Release|Any CPU
		{8133AFCB-5383-44F5-A4FA-E0A63D5A70EE}.Release|Any CPU.Build.0 = Release|Any CPU
		{3264A54B-0833-47AF-8AD7-B30F9D1026E4}.Debug|Any CPU.ActiveCfg = Debug|Any CPU
		{3264A54B-0833-47AF-8AD7-B30F9D1026E4}.Debug|Any CPU.Build.0 = Debug|Any CPU
		{3264A54B-0833-47AF-8AD7-B30F9D1026E4}.Release|Any CPU.ActiveCfg = Release|Any CPU
		{3264A54B-0833-47AF-8AD7-B30F9D1026E4}.Release|Any CPU.Build.0 = Release|Any CPU
		{356ED005-5DC2-41C7-8D62-B2DEFE73428D}.Debug|Any CPU.ActiveCfg = Debug|Any CPU
		{356ED005-5DC2-41C7-8D62-B2DEFE73428D}.Debug|Any CPU.Build.0 = Debug|Any CPU
		{356ED005-5DC2-41C7-8D62-B2DEFE73428D}.Release|Any CPU.ActiveCfg = Release|Any CPU
		{356ED005-5DC2-41C7-8D62-B2DEFE73428D}.Release|Any CPU.Build.0 = Release|Any CPU
		{8A014455-AFAE-4C06-B2C5-525987B9C9F1}.Debug|Any CPU.ActiveCfg = Debug|Any CPU
		{8A014455-AFAE-4C06-B2C5-525987B9C9F1}.Debug|Any CPU.Build.0 = Debug|Any CPU
		{8A014455-AFAE-4C06-B2C5-525987B9C9F1}.Release|Any CPU.ActiveCfg = Release|Any CPU
		{8A014455-AFAE-4C06-B2C5-525987B9C9F1}.Release|Any CPU.Build.0 = Release|Any CPU
		{22BD4E55-A464-426A-A1C2-047F680B5333}.Debug|Any CPU.ActiveCfg = Debug|Any CPU
		{22BD4E55-A464-426A-A1C2-047F680B5333}.Debug|Any CPU.Build.0 = Debug|Any CPU
		{22BD4E55-A464-426A-A1C2-047F680B5333}.Release|Any CPU.ActiveCfg = Release|Any CPU
		{22BD4E55-A464-426A-A1C2-047F680B5333}.Release|Any CPU.Build.0 = Release|Any CPU
		{90C89AE8-11D6-46DF-958F-DABE138018C7}.Debug|Any CPU.ActiveCfg = Debug|Any CPU
		{90C89AE8-11D6-46DF-958F-DABE138018C7}.Debug|Any CPU.Build.0 = Debug|Any CPU
		{90C89AE8-11D6-46DF-958F-DABE138018C7}.Release|Any CPU.ActiveCfg = Release|Any CPU
		{90C89AE8-11D6-46DF-958F-DABE138018C7}.Release|Any CPU.Build.0 = Release|Any CPU
		{F4F0C606-0D65-430A-A5AA-5CEAE5A0E951}.Debug|Any CPU.ActiveCfg = Debug|Any CPU
		{F4F0C606-0D65-430A-A5AA-5CEAE5A0E951}.Debug|Any CPU.Build.0 = Debug|Any CPU
		{F4F0C606-0D65-430A-A5AA-5CEAE5A0E951}.Release|Any CPU.ActiveCfg = Release|Any CPU
		{F4F0C606-0D65-430A-A5AA-5CEAE5A0E951}.Release|Any CPU.Build.0 = Release|Any CPU
		{A15451DA-0CD5-4DA6-B8F1-7EC276DD957D}.Debug|Any CPU.ActiveCfg = Debug|Any CPU
		{A15451DA-0CD5-4DA6-B8F1-7EC276DD957D}.Debug|Any CPU.Build.0 = Debug|Any CPU
		{A15451DA-0CD5-4DA6-B8F1-7EC276DD957D}.Release|Any CPU.ActiveCfg = Release|Any CPU
		{A15451DA-0CD5-4DA6-B8F1-7EC276DD957D}.Release|Any CPU.Build.0 = Release|Any CPU
		{23741B86-2363-42ED-A211-616A15E8E612}.Debug|Any CPU.ActiveCfg = Debug|Any CPU
		{23741B86-2363-42ED-A211-616A15E8E612}.Debug|Any CPU.Build.0 = Debug|Any CPU
		{23741B86-2363-42ED-A211-616A15E8E612}.Release|Any CPU.ActiveCfg = Release|Any CPU
		{23741B86-2363-42ED-A211-616A15E8E612}.Release|Any CPU.Build.0 = Release|Any CPU
		{D2619763-9D42-4F20-8FDF-A5031CCBDEBA}.Debug|Any CPU.ActiveCfg = Debug|Any CPU
		{D2619763-9D42-4F20-8FDF-A5031CCBDEBA}.Debug|Any CPU.Build.0 = Debug|Any CPU
		{D2619763-9D42-4F20-8FDF-A5031CCBDEBA}.Release|Any CPU.ActiveCfg = Release|Any CPU
		{D2619763-9D42-4F20-8FDF-A5031CCBDEBA}.Release|Any CPU.Build.0 = Release|Any CPU
		{C887A578-C61E-4476-AE6E-352840AB8A69}.Debug|Any CPU.ActiveCfg = Debug|Any CPU
		{C887A578-C61E-4476-AE6E-352840AB8A69}.Debug|Any CPU.Build.0 = Debug|Any CPU
		{C887A578-C61E-4476-AE6E-352840AB8A69}.Release|Any CPU.ActiveCfg = Release|Any CPU
		{C887A578-C61E-4476-AE6E-352840AB8A69}.Release|Any CPU.Build.0 = Release|Any CPU
		{3248CB2E-1B61-47B0-9C1A-E4AAD844D431}.Debug|Any CPU.ActiveCfg = Debug|Any CPU
		{3248CB2E-1B61-47B0-9C1A-E4AAD844D431}.Debug|Any CPU.Build.0 = Debug|Any CPU
		{3248CB2E-1B61-47B0-9C1A-E4AAD844D431}.Release|Any CPU.ActiveCfg = Release|Any CPU
		{3248CB2E-1B61-47B0-9C1A-E4AAD844D431}.Release|Any CPU.Build.0 = Release|Any CPU
		{030A56BF-F93A-4955-9CA4-E68B6F516A6B}.Debug|Any CPU.ActiveCfg = Debug|Any CPU
		{030A56BF-F93A-4955-9CA4-E68B6F516A6B}.Debug|Any CPU.Build.0 = Debug|Any CPU
		{030A56BF-F93A-4955-9CA4-E68B6F516A6B}.Release|Any CPU.ActiveCfg = Release|Any CPU
		{030A56BF-F93A-4955-9CA4-E68B6F516A6B}.Release|Any CPU.Build.0 = Release|Any CPU
		{F4F58856-06C7-4892-9CC3-D894990383D8}.Debug|Any CPU.ActiveCfg = Debug|Any CPU
		{F4F58856-06C7-4892-9CC3-D894990383D8}.Debug|Any CPU.Build.0 = Debug|Any CPU
		{F4F58856-06C7-4892-9CC3-D894990383D8}.Release|Any CPU.ActiveCfg = Release|Any CPU
		{F4F58856-06C7-4892-9CC3-D894990383D8}.Release|Any CPU.Build.0 = Release|Any CPU
		{C46BC790-B182-46EE-B5FE-8D5EAA8F83DB}.Debug|Any CPU.ActiveCfg = Debug|Any CPU
		{C46BC790-B182-46EE-B5FE-8D5EAA8F83DB}.Debug|Any CPU.Build.0 = Debug|Any CPU
		{C46BC790-B182-46EE-B5FE-8D5EAA8F83DB}.Release|Any CPU.ActiveCfg = Release|Any CPU
		{C46BC790-B182-46EE-B5FE-8D5EAA8F83DB}.Release|Any CPU.Build.0 = Release|Any CPU
		{1C95FB38-238C-4A77-AF58-C12C8B85D067}.Debug|Any CPU.ActiveCfg = Debug|Any CPU
		{1C95FB38-238C-4A77-AF58-C12C8B85D067}.Debug|Any CPU.Build.0 = Debug|Any CPU
		{1C95FB38-238C-4A77-AF58-C12C8B85D067}.Release|Any CPU.ActiveCfg = Release|Any CPU
		{1C95FB38-238C-4A77-AF58-C12C8B85D067}.Release|Any CPU.Build.0 = Release|Any CPU
		{D7A03818-32E3-4CD6-92D5-FEC666CC98C9}.Debug|Any CPU.ActiveCfg = Debug|Any CPU
		{D7A03818-32E3-4CD6-92D5-FEC666CC98C9}.Debug|Any CPU.Build.0 = Debug|Any CPU
		{D7A03818-32E3-4CD6-92D5-FEC666CC98C9}.Release|Any CPU.ActiveCfg = Release|Any CPU
		{D7A03818-32E3-4CD6-92D5-FEC666CC98C9}.Release|Any CPU.Build.0 = Release|Any CPU
		{C17F519B-D827-4135-8576-751F8F740575}.Debug|Any CPU.ActiveCfg = Debug|Any CPU
		{C17F519B-D827-4135-8576-751F8F740575}.Debug|Any CPU.Build.0 = Debug|Any CPU
		{C17F519B-D827-4135-8576-751F8F740575}.Release|Any CPU.ActiveCfg = Release|Any CPU
		{C17F519B-D827-4135-8576-751F8F740575}.Release|Any CPU.Build.0 = Release|Any CPU
		{F8434937-E92F-446C-89BF-D7B38E826E46}.Debug|Any CPU.ActiveCfg = Debug|Any CPU
		{F8434937-E92F-446C-89BF-D7B38E826E46}.Debug|Any CPU.Build.0 = Debug|Any CPU
		{F8434937-E92F-446C-89BF-D7B38E826E46}.Release|Any CPU.ActiveCfg = Release|Any CPU
		{F8434937-E92F-446C-89BF-D7B38E826E46}.Release|Any CPU.Build.0 = Release|Any CPU
		{CEE3D0F7-2DB1-445B-8963-A110E1E610FB}.Debug|Any CPU.ActiveCfg = Debug|Any CPU
		{CEE3D0F7-2DB1-445B-8963-A110E1E610FB}.Debug|Any CPU.Build.0 = Debug|Any CPU
		{CEE3D0F7-2DB1-445B-8963-A110E1E610FB}.Release|Any CPU.ActiveCfg = Release|Any CPU
		{CEE3D0F7-2DB1-445B-8963-A110E1E610FB}.Release|Any CPU.Build.0 = Release|Any CPU
		{3E9AB677-69AF-4457-AF25-F77167F903DE}.Debug|Any CPU.ActiveCfg = Debug|Any CPU
		{3E9AB677-69AF-4457-AF25-F77167F903DE}.Debug|Any CPU.Build.0 = Debug|Any CPU
		{3E9AB677-69AF-4457-AF25-F77167F903DE}.Release|Any CPU.ActiveCfg = Release|Any CPU
		{3E9AB677-69AF-4457-AF25-F77167F903DE}.Release|Any CPU.Build.0 = Release|Any CPU
		{7C1E2AF3-9D36-4F1B-8731-CDDB1FC2DE6A}.Debug|Any CPU.ActiveCfg = Debug|Any CPU
		{7C1E2AF3-9D36-4F1B-8731-CDDB1FC2DE6A}.Debug|Any CPU.Build.0 = Debug|Any CPU
		{7C1E2AF3-9D36-4F1B-8731-CDDB1FC2DE6A}.Release|Any CPU.ActiveCfg = Release|Any CPU
		{7C1E2AF3-9D36-4F1B-8731-CDDB1FC2DE6A}.Release|Any CPU.Build.0 = Release|Any CPU
		{FF7862FC-E60D-4F92-BD74-CE8CDD27DC4C}.Debug|Any CPU.ActiveCfg = Debug|Any CPU
		{FF7862FC-E60D-4F92-BD74-CE8CDD27DC4C}.Debug|Any CPU.Build.0 = Debug|Any CPU
		{FF7862FC-E60D-4F92-BD74-CE8CDD27DC4C}.Release|Any CPU.ActiveCfg = Release|Any CPU
		{FF7862FC-E60D-4F92-BD74-CE8CDD27DC4C}.Release|Any CPU.Build.0 = Release|Any CPU
		{A07CCFE9-DCF2-4163-BDD7-0A6BFF2F09F2}.Debug|Any CPU.ActiveCfg = Debug|Any CPU
		{A07CCFE9-DCF2-4163-BDD7-0A6BFF2F09F2}.Debug|Any CPU.Build.0 = Debug|Any CPU
		{A07CCFE9-DCF2-4163-BDD7-0A6BFF2F09F2}.Release|Any CPU.ActiveCfg = Release|Any CPU
		{A07CCFE9-DCF2-4163-BDD7-0A6BFF2F09F2}.Release|Any CPU.Build.0 = Release|Any CPU
		{F9DB24FE-CA47-4D57-AFC9-6D45398DA32E}.Debug|Any CPU.ActiveCfg = Debug|Any CPU
		{F9DB24FE-CA47-4D57-AFC9-6D45398DA32E}.Debug|Any CPU.Build.0 = Debug|Any CPU
		{F9DB24FE-CA47-4D57-AFC9-6D45398DA32E}.Release|Any CPU.ActiveCfg = Release|Any CPU
		{F9DB24FE-CA47-4D57-AFC9-6D45398DA32E}.Release|Any CPU.Build.0 = Release|Any CPU
		{54062E2E-4C91-4554-9347-6E1B0E4524AC}.Debug|Any CPU.ActiveCfg = Debug|Any CPU
		{54062E2E-4C91-4554-9347-6E1B0E4524AC}.Debug|Any CPU.Build.0 = Debug|Any CPU
		{54062E2E-4C91-4554-9347-6E1B0E4524AC}.Release|Any CPU.ActiveCfg = Release|Any CPU
		{54062E2E-4C91-4554-9347-6E1B0E4524AC}.Release|Any CPU.Build.0 = Release|Any CPU
		{4A7EE777-3F8D-4A8A-B2C7-ECE9CCC099EF}.Debug|Any CPU.ActiveCfg = Debug|Any CPU
		{4A7EE777-3F8D-4A8A-B2C7-ECE9CCC099EF}.Debug|Any CPU.Build.0 = Debug|Any CPU
		{4A7EE777-3F8D-4A8A-B2C7-ECE9CCC099EF}.Release|Any CPU.ActiveCfg = Release|Any CPU
		{4A7EE777-3F8D-4A8A-B2C7-ECE9CCC099EF}.Release|Any CPU.Build.0 = Release|Any CPU
		{54737EA6-754C-4A71-9EDC-3A5410109CC3}.Debug|Any CPU.ActiveCfg = Debug|Any CPU
		{54737EA6-754C-4A71-9EDC-3A5410109CC3}.Debug|Any CPU.Build.0 = Debug|Any CPU
		{54737EA6-754C-4A71-9EDC-3A5410109CC3}.Release|Any CPU.ActiveCfg = Release|Any CPU
		{54737EA6-754C-4A71-9EDC-3A5410109CC3}.Release|Any CPU.Build.0 = Release|Any CPU
		{31930880-6377-449C-A5B1-8577CF4A937F}.Debug|Any CPU.ActiveCfg = Debug|Any CPU
		{31930880-6377-449C-A5B1-8577CF4A937F}.Debug|Any CPU.Build.0 = Debug|Any CPU
		{31930880-6377-449C-A5B1-8577CF4A937F}.Release|Any CPU.ActiveCfg = Release|Any CPU
		{31930880-6377-449C-A5B1-8577CF4A937F}.Release|Any CPU.Build.0 = Release|Any CPU
		{65D10CF0-A723-4CF4-AB6D-28155B6C17FE}.Debug|Any CPU.ActiveCfg = Debug|Any CPU
		{65D10CF0-A723-4CF4-AB6D-28155B6C17FE}.Debug|Any CPU.Build.0 = Debug|Any CPU
		{65D10CF0-A723-4CF4-AB6D-28155B6C17FE}.Release|Any CPU.ActiveCfg = Release|Any CPU
		{65D10CF0-A723-4CF4-AB6D-28155B6C17FE}.Release|Any CPU.Build.0 = Release|Any CPU
		{6E03987C-9B8C-4837-BE32-A30044E1CD86}.Debug|Any CPU.ActiveCfg = Debug|Any CPU
		{6E03987C-9B8C-4837-BE32-A30044E1CD86}.Debug|Any CPU.Build.0 = Debug|Any CPU
		{6E03987C-9B8C-4837-BE32-A30044E1CD86}.Release|Any CPU.ActiveCfg = Release|Any CPU
		{6E03987C-9B8C-4837-BE32-A30044E1CD86}.Release|Any CPU.Build.0 = Release|Any CPU
		{5127A187-5F70-447C-8B00-5C975577F28D}.Debug|Any CPU.ActiveCfg = Debug|Any CPU
		{5127A187-5F70-447C-8B00-5C975577F28D}.Debug|Any CPU.Build.0 = Debug|Any CPU
		{5127A187-5F70-447C-8B00-5C975577F28D}.Release|Any CPU.ActiveCfg = Release|Any CPU
		{5127A187-5F70-447C-8B00-5C975577F28D}.Release|Any CPU.Build.0 = Release|Any CPU
		{A5318A89-E1C0-4984-B1CD-9184640B8B39}.Debug|Any CPU.ActiveCfg = Debug|Any CPU
		{A5318A89-E1C0-4984-B1CD-9184640B8B39}.Debug|Any CPU.Build.0 = Debug|Any CPU
		{A5318A89-E1C0-4984-B1CD-9184640B8B39}.Release|Any CPU.ActiveCfg = Release|Any CPU
		{A5318A89-E1C0-4984-B1CD-9184640B8B39}.Release|Any CPU.Build.0 = Release|Any CPU
		{58EA4417-B6D3-46FC-9648-795A9D9B7BE1}.Debug|Any CPU.ActiveCfg = Debug|Any CPU
		{58EA4417-B6D3-46FC-9648-795A9D9B7BE1}.Debug|Any CPU.Build.0 = Debug|Any CPU
		{58EA4417-B6D3-46FC-9648-795A9D9B7BE1}.Release|Any CPU.ActiveCfg = Release|Any CPU
		{58EA4417-B6D3-46FC-9648-795A9D9B7BE1}.Release|Any CPU.Build.0 = Release|Any CPU
		{790F772E-E7CC-4309-AAB9-397023BF6AAA}.Debug|Any CPU.ActiveCfg = Debug|Any CPU
		{790F772E-E7CC-4309-AAB9-397023BF6AAA}.Debug|Any CPU.Build.0 = Debug|Any CPU
		{790F772E-E7CC-4309-AAB9-397023BF6AAA}.Release|Any CPU.ActiveCfg = Release|Any CPU
		{790F772E-E7CC-4309-AAB9-397023BF6AAA}.Release|Any CPU.Build.0 = Release|Any CPU
		{7C67B2BB-C865-4D17-9CCD-978345CB0C30}.Debug|Any CPU.ActiveCfg = Debug|Any CPU
		{7C67B2BB-C865-4D17-9CCD-978345CB0C30}.Debug|Any CPU.Build.0 = Debug|Any CPU
		{7C67B2BB-C865-4D17-9CCD-978345CB0C30}.Release|Any CPU.ActiveCfg = Release|Any CPU
		{7C67B2BB-C865-4D17-9CCD-978345CB0C30}.Release|Any CPU.Build.0 = Release|Any CPU
		{61BFFF25-643E-4F52-9801-1F25860783E6}.Debug|Any CPU.ActiveCfg = Debug|Any CPU
		{61BFFF25-643E-4F52-9801-1F25860783E6}.Debug|Any CPU.Build.0 = Debug|Any CPU
		{61BFFF25-643E-4F52-9801-1F25860783E6}.Release|Any CPU.ActiveCfg = Release|Any CPU
		{61BFFF25-643E-4F52-9801-1F25860783E6}.Release|Any CPU.Build.0 = Release|Any CPU
		{E8030103-4096-4B63-9C7A-0BED30BA2280}.Debug|Any CPU.ActiveCfg = Debug|Any CPU
		{E8030103-4096-4B63-9C7A-0BED30BA2280}.Debug|Any CPU.Build.0 = Debug|Any CPU
		{E8030103-4096-4B63-9C7A-0BED30BA2280}.Release|Any CPU.ActiveCfg = Release|Any CPU
		{E8030103-4096-4B63-9C7A-0BED30BA2280}.Release|Any CPU.Build.0 = Release|Any CPU
		{99DD3C00-2A10-4C1B-BCA3-87E05DB8B709}.Debug|Any CPU.ActiveCfg = Debug|Any CPU
		{99DD3C00-2A10-4C1B-BCA3-87E05DB8B709}.Debug|Any CPU.Build.0 = Debug|Any CPU
		{99DD3C00-2A10-4C1B-BCA3-87E05DB8B709}.Release|Any CPU.ActiveCfg = Release|Any CPU
		{99DD3C00-2A10-4C1B-BCA3-87E05DB8B709}.Release|Any CPU.Build.0 = Release|Any CPU
		{C3370CFB-545A-439A-9281-E2CAFE5DB460}.Debug|Any CPU.ActiveCfg = Debug|Any CPU
		{C3370CFB-545A-439A-9281-E2CAFE5DB460}.Debug|Any CPU.Build.0 = Debug|Any CPU
		{C3370CFB-545A-439A-9281-E2CAFE5DB460}.Release|Any CPU.ActiveCfg = Release|Any CPU
		{C3370CFB-545A-439A-9281-E2CAFE5DB460}.Release|Any CPU.Build.0 = Release|Any CPU
		{328B3A5B-842B-4CCD-BC32-9128AEED4C34}.Debug|Any CPU.ActiveCfg = Debug|Any CPU
		{328B3A5B-842B-4CCD-BC32-9128AEED4C34}.Debug|Any CPU.Build.0 = Debug|Any CPU
		{328B3A5B-842B-4CCD-BC32-9128AEED4C34}.Release|Any CPU.ActiveCfg = Release|Any CPU
		{328B3A5B-842B-4CCD-BC32-9128AEED4C34}.Release|Any CPU.Build.0 = Release|Any CPU
	EndGlobalSection
	GlobalSection(SolutionProperties) = preSolution
		HideSolutionNode = FALSE
	EndGlobalSection
	GlobalSection(NestedProjects) = preSolution
		{D01976CC-118D-4A0D-A27A-AADE892CD869} = {02EA681E-C7D8-13C7-8484-4AC65E1B71E8}
		{E0E282A4-1A8A-484E-9FD0-5777F3CC5EEC} = {02EA681E-C7D8-13C7-8484-4AC65E1B71E8}
		{060A8B22-C836-41E5-90A0-4AE711C62D74} = {02EA681E-C7D8-13C7-8484-4AC65E1B71E8}
		{F5150ACC-D95E-49AA-B211-24CD2DB00B16} = {E0E282A4-1A8A-484E-9FD0-5777F3CC5EEC}
		{F81DC269-317F-45C9-8559-9CE98EA34ACA} = {D01976CC-118D-4A0D-A27A-AADE892CD869}
		{38738100-8BE1-4DC8-91BC-5D6F7211D6A9} = {F5150ACC-D95E-49AA-B211-24CD2DB00B16}
		{ED796C4F-4DFE-4A7D-AAC4-BB2C07B5FCD9} = {F5150ACC-D95E-49AA-B211-24CD2DB00B16}
		{766DDBFE-C10D-40A2-9F0A-48F1ED90A0B3} = {F5150ACC-D95E-49AA-B211-24CD2DB00B16}
		{07DD1E04-BD7E-4D66-91B1-037FC835EB80} = {060A8B22-C836-41E5-90A0-4AE711C62D74}
		{432E9B2A-A47A-4756-8FAA-FA161654D1AB} = {E0E282A4-1A8A-484E-9FD0-5777F3CC5EEC}
		{199E66A0-0DA7-4AB1-B034-E4E434E8E921} = {432E9B2A-A47A-4756-8FAA-FA161654D1AB}
		{889DD8C6-55BF-4192-AF52-1F4C8DE47E8C} = {432E9B2A-A47A-4756-8FAA-FA161654D1AB}
		{6D23B996-9997-4ED2-B972-3162EE509502} = {432E9B2A-A47A-4756-8FAA-FA161654D1AB}
		{3C5F53C2-E213-4E9B-91B5-331668D7E56D} = {E0E282A4-1A8A-484E-9FD0-5777F3CC5EEC}
		{9BEFC5B9-86CD-404B-96B6-C8BD948066D8} = {3C5F53C2-E213-4E9B-91B5-331668D7E56D}
		{4D00BABB-772B-4575-A145-1EAB3E4522AD} = {3C5F53C2-E213-4E9B-91B5-331668D7E56D}
		{913E9C97-3C9A-4DA8-AE3C-E8BB9FF47D3D} = {3C5F53C2-E213-4E9B-91B5-331668D7E56D}
		{197480C6-B39F-4E1A-A773-C8769E3FD8A2} = {7D6A9570-2B0C-4B51-92F4-610CEDDD6A48}
		{E7726288-C8B4-4F56-923C-37FFA9279631} = {E0E282A4-1A8A-484E-9FD0-5777F3CC5EEC}
		{4C1114F2-3390-4392-9D4D-16302D467C6B} = {E7726288-C8B4-4F56-923C-37FFA9279631}
		{8133AFCB-5383-44F5-A4FA-E0A63D5A70EE} = {E7726288-C8B4-4F56-923C-37FFA9279631}
		{3264A54B-0833-47AF-8AD7-B30F9D1026E4} = {E7726288-C8B4-4F56-923C-37FFA9279631}
		{ABF59378-FA15-45F3-90E0-4C114F8F1A39} = {E0E282A4-1A8A-484E-9FD0-5777F3CC5EEC}
		{356ED005-5DC2-41C7-8D62-B2DEFE73428D} = {ABF59378-FA15-45F3-90E0-4C114F8F1A39}
		{8A014455-AFAE-4C06-B2C5-525987B9C9F1} = {ABF59378-FA15-45F3-90E0-4C114F8F1A39}
		{22BD4E55-A464-426A-A1C2-047F680B5333} = {ABF59378-FA15-45F3-90E0-4C114F8F1A39}
		{BDAB286A-04E8-412C-9272-944E14B4E077} = {E0E282A4-1A8A-484E-9FD0-5777F3CC5EEC}
		{90C89AE8-11D6-46DF-958F-DABE138018C7} = {BDAB286A-04E8-412C-9272-944E14B4E077}
		{F4F0C606-0D65-430A-A5AA-5CEAE5A0E951} = {BDAB286A-04E8-412C-9272-944E14B4E077}
		{A15451DA-0CD5-4DA6-B8F1-7EC276DD957D} = {BDAB286A-04E8-412C-9272-944E14B4E077}
		{53EA5BEE-7972-41DD-8C62-FEA64D4BC00A} = {E0E282A4-1A8A-484E-9FD0-5777F3CC5EEC}
		{23741B86-2363-42ED-A211-616A15E8E612} = {53EA5BEE-7972-41DD-8C62-FEA64D4BC00A}
		{D2619763-9D42-4F20-8FDF-A5031CCBDEBA} = {53EA5BEE-7972-41DD-8C62-FEA64D4BC00A}
		{C887A578-C61E-4476-AE6E-352840AB8A69} = {53EA5BEE-7972-41DD-8C62-FEA64D4BC00A}
		{58525056-80D5-47AD-B6B6-C252B26FD7A1} = {E0E282A4-1A8A-484E-9FD0-5777F3CC5EEC}
		{3248CB2E-1B61-47B0-9C1A-E4AAD844D431} = {58525056-80D5-47AD-B6B6-C252B26FD7A1}
		{030A56BF-F93A-4955-9CA4-E68B6F516A6B} = {58525056-80D5-47AD-B6B6-C252B26FD7A1}
		{F4F58856-06C7-4892-9CC3-D894990383D8} = {58525056-80D5-47AD-B6B6-C252B26FD7A1}
		{814B5AAD-83B6-4FBF-AA2F-8F48CEFAE6DF} = {E0E282A4-1A8A-484E-9FD0-5777F3CC5EEC}
		{C46BC790-B182-46EE-B5FE-8D5EAA8F83DB} = {814B5AAD-83B6-4FBF-AA2F-8F48CEFAE6DF}
		{1C95FB38-238C-4A77-AF58-C12C8B85D067} = {814B5AAD-83B6-4FBF-AA2F-8F48CEFAE6DF}
		{D7A03818-32E3-4CD6-92D5-FEC666CC98C9} = {814B5AAD-83B6-4FBF-AA2F-8F48CEFAE6DF}
		{B59F53C4-440F-479F-BE70-F17701493FDE} = {E0E282A4-1A8A-484E-9FD0-5777F3CC5EEC}
		{C17F519B-D827-4135-8576-751F8F740575} = {B59F53C4-440F-479F-BE70-F17701493FDE}
		{F8434937-E92F-446C-89BF-D7B38E826E46} = {B59F53C4-440F-479F-BE70-F17701493FDE}
		{CEE3D0F7-2DB1-445B-8963-A110E1E610FB} = {B59F53C4-440F-479F-BE70-F17701493FDE}
		{96BFCF6D-254A-4303-B2A6-33970B57FFBA} = {E0E282A4-1A8A-484E-9FD0-5777F3CC5EEC}
		{3E9AB677-69AF-4457-AF25-F77167F903DE} = {96BFCF6D-254A-4303-B2A6-33970B57FFBA}
		{7C1E2AF3-9D36-4F1B-8731-CDDB1FC2DE6A} = {96BFCF6D-254A-4303-B2A6-33970B57FFBA}
		{FF7862FC-E60D-4F92-BD74-CE8CDD27DC4C} = {96BFCF6D-254A-4303-B2A6-33970B57FFBA}
		{9EE03479-3A5D-4D6C-8E76-642DE48A6E57} = {E0E282A4-1A8A-484E-9FD0-5777F3CC5EEC}
		{A07CCFE9-DCF2-4163-BDD7-0A6BFF2F09F2} = {9EE03479-3A5D-4D6C-8E76-642DE48A6E57}
		{F9DB24FE-CA47-4D57-AFC9-6D45398DA32E} = {9EE03479-3A5D-4D6C-8E76-642DE48A6E57}
		{54062E2E-4C91-4554-9347-6E1B0E4524AC} = {9EE03479-3A5D-4D6C-8E76-642DE48A6E57}
		{4B9A80F7-83DF-4E3C-A077-99A30515D04B} = {E0E282A4-1A8A-484E-9FD0-5777F3CC5EEC}
		{4A7EE777-3F8D-4A8A-B2C7-ECE9CCC099EF} = {4B9A80F7-83DF-4E3C-A077-99A30515D04B}
		{54737EA6-754C-4A71-9EDC-3A5410109CC3} = {4B9A80F7-83DF-4E3C-A077-99A30515D04B}
		{31930880-6377-449C-A5B1-8577CF4A937F} = {4B9A80F7-83DF-4E3C-A077-99A30515D04B}
		{6ED8A86C-028A-4294-9078-F64929BAD7BD} = {E0E282A4-1A8A-484E-9FD0-5777F3CC5EEC}
		{65D10CF0-A723-4CF4-AB6D-28155B6C17FE} = {6ED8A86C-028A-4294-9078-F64929BAD7BD}
		{6E03987C-9B8C-4837-BE32-A30044E1CD86} = {6ED8A86C-028A-4294-9078-F64929BAD7BD}
		{5127A187-5F70-447C-8B00-5C975577F28D} = {6ED8A86C-028A-4294-9078-F64929BAD7BD}
		{6BBD2ED4-0CC1-4506-82ED-41A4DF0C4507} = {E0E282A4-1A8A-484E-9FD0-5777F3CC5EEC}
		{A5318A89-E1C0-4984-B1CD-9184640B8B39} = {6BBD2ED4-0CC1-4506-82ED-41A4DF0C4507}
		{58EA4417-B6D3-46FC-9648-795A9D9B7BE1} = {6BBD2ED4-0CC1-4506-82ED-41A4DF0C4507}
		{790F772E-E7CC-4309-AAB9-397023BF6AAA} = {6BBD2ED4-0CC1-4506-82ED-41A4DF0C4507}
		{D4454C86-F694-47CB-9D9E-62B5352CD088} = {E0E282A4-1A8A-484E-9FD0-5777F3CC5EEC}
		{7C67B2BB-C865-4D17-9CCD-978345CB0C30} = {D4454C86-F694-47CB-9D9E-62B5352CD088}
		{61BFFF25-643E-4F52-9801-1F25860783E6} = {D4454C86-F694-47CB-9D9E-62B5352CD088}
		{E8030103-4096-4B63-9C7A-0BED30BA2280} = {D4454C86-F694-47CB-9D9E-62B5352CD088}
		{2694160B-8D9F-49E4-B6BA-B1DF45C48B15} = {E0E282A4-1A8A-484E-9FD0-5777F3CC5EEC}
		{99DD3C00-2A10-4C1B-BCA3-87E05DB8B709} = {2694160B-8D9F-49E4-B6BA-B1DF45C48B15}
		{C3370CFB-545A-439A-9281-E2CAFE5DB460} = {2694160B-8D9F-49E4-B6BA-B1DF45C48B15}
		{328B3A5B-842B-4CCD-BC32-9128AEED4C34} = {2694160B-8D9F-49E4-B6BA-B1DF45C48B15}
		{6D4F5245-87A0-4D52-8500-5AF8CE6CD05F} = {E0E282A4-1A8A-484E-9FD0-5777F3CC5EEC}
	EndGlobalSection
	GlobalSection(ExtensibilityGlobals) = postSolution
		SolutionGuid = {5E3ACEE6-E796-4CEB-88A9-4FC34DA7FE95}
	EndGlobalSection
EndGlobal
