
Microsoft Visual Studio Solution File, Format Version 12.00
# Visual Studio Version 17
VisualStudioVersion = 17.0.31903.59
MinimumVisualStudioVersion = 10.0.40219.1
Project("{2150E333-8FDC-42A3-9474-1A3956D46DE8}") = "src", "src", "{02EA681E-C7D8-13C7-8484-4AC65E1B71E8}"
EndProject
Project("{2150E333-8FDC-42A3-9474-1A3956D46DE8}") = "tests", "tests", "{7D6A9570-2B0C-4B51-92F4-610CEDDD6A48}"
EndProject
Project("{2150E333-8FDC-42A3-9474-1A3956D46DE8}") = "Shared", "Shared", "{D01976CC-118D-4A0D-A27A-AADE892CD869}"
EndProject
Project("{2150E333-8FDC-42A3-9474-1A3956D46DE8}") = "Modules", "Modules", "{E0E282A4-1A8A-484E-9FD0-5777F3CC5EEC}"
EndProject
Project("{2150E333-8FDC-42A3-9474-1A3956D46DE8}") = "API", "API", "{060A8B22-C836-41E5-90A0-4AE711C62D74}"
EndProject
Project("{2150E333-8FDC-42A3-9474-1A3956D46DE8}") = "Infrastructure", "Infrastructure", "{59AA4C4C-3E1D-4155-A105-B4E8E67F8A91}"
EndProject
Project("{2150E333-8FDC-42A3-9474-1A3956D46DE8}") = "Card", "Card", "{F5150ACC-D95E-49AA-B211-24CD2DB00B16}"
EndProject
Project("{FAE04EC0-301F-11D3-BF4B-00C04F79EFBC}") = "CardMerchantSystem.Shared", "CardMerchantSystem.Shared\CardMerchantSystem.Shared.csproj", "{F81DC269-317F-45C9-8559-9CE98EA34ACA}"
EndProject
Project("{FAE04EC0-301F-11D3-BF4B-00C04F79EFBC}") = "Card.Domain", "Card.Domain\Card.Domain.csproj", "{38738100-8BE1-4DC8-91BC-5D6F7211D6A9}"
EndProject
Project("{FAE04EC0-301F-11D3-BF4B-00C04F79EFBC}") = "Card.Application", "Card.Application\Card.Application.csproj", "{ED796C4F-4DFE-4A7D-AAC4-BB2C07B5FCD9}"
EndProject
Project("{FAE04EC0-301F-11D3-BF4B-00C04F79EFBC}") = "Card.Infrastructure", "Card.Infrastructure\Card.Infrastructure.csproj", "{766DDBFE-C10D-40A2-9F0A-48F1ED90A0B3}"
EndProject
Project("{FAE04EC0-301F-11D3-BF4B-00C04F79EFBC}") = "CardMerchantSystem.API", "CardMerchantSystem.API\CardMerchantSystem.API.csproj", "{07DD1E04-BD7E-4D66-91B1-037FC835EB80}"
EndProject
Project("{2150E333-8FDC-42A3-9474-1A3956D46DE8}") = "Merchant", "Merchant", "{432E9B2A-A47A-4756-8FAA-FA161654D1AB}"
EndProject
Project("{FAE04EC0-301F-11D3-BF4B-00C04F79EFBC}") = "Merchant.Domain", "Merchant.Domain\Merchant.Domain.csproj", "{199E66A0-0DA7-4AB1-B034-E4E434E8E921}"
EndProject
Project("{FAE04EC0-301F-11D3-BF4B-00C04F79EFBC}") = "Merchant.Application", "Merchant.Application\Merchant.Application.csproj", "{889DD8C6-55BF-4192-AF52-1F4C8DE47E8C}"
EndProject
Project("{FAE04EC0-301F-11D3-BF4B-00C04F79EFBC}") = "Merchant.Infrastructure", "Merchant.Infrastructure\Merchant.Infrastructure.csproj", "{6D23B996-9997-4ED2-B972-3162EE509502}"
EndProject
Global
	GlobalSection(SolutionConfigurationPlatforms) = preSolution
		Debug|Any CPU = Debug|Any CPU
		Release|Any CPU = Release|Any CPU
	EndGlobalSection
	GlobalSection(ProjectConfigurationPlatforms) = postSolution
		{F81DC269-317F-45C9-8559-9CE98EA34ACA}.Debug|Any CPU.ActiveCfg = Debug|Any CPU
		{F81DC269-317F-45C9-8559-9CE98EA34ACA}.Debug|Any CPU.Build.0 = Debug|Any CPU
		{F81DC269-317F-45C9-8559-9CE98EA34ACA}.Release|Any CPU.ActiveCfg = Release|Any CPU
		{F81DC269-317F-45C9-8559-9CE98EA34ACA}.Release|Any CPU.Build.0 = Release|Any CPU
		{38738100-8BE1-4DC8-91BC-5D6F7211D6A9}.Debug|Any CPU.ActiveCfg = Debug|Any CPU
		{38738100-8BE1-4DC8-91BC-5D6F7211D6A9}.Debug|Any CPU.Build.0 = Debug|Any CPU
		{38738100-8BE1-4DC8-91BC-5D6F7211D6A9}.Release|Any CPU.ActiveCfg = Release|Any CPU
		{38738100-8BE1-4DC8-91BC-5D6F7211D6A9}.Release|Any CPU.Build.0 = Release|Any CPU
		{ED796C4F-4DFE-4A7D-AAC4-BB2C07B5FCD9}.Debug|Any CPU.ActiveCfg = Debug|Any CPU
		{ED796C4F-4DFE-4A7D-AAC4-BB2C07B5FCD9}.Debug|Any CPU.Build.0 = Debug|Any CPU
		{ED796C4F-4DFE-4A7D-AAC4-BB2C07B5FCD9}.Release|Any CPU.ActiveCfg = Release|Any CPU
		{ED796C4F-4DFE-4A7D-AAC4-BB2C07B5FCD9}.Release|Any CPU.Build.0 = Release|Any CPU
		{766DDBFE-C10D-40A2-9F0A-48F1ED90A0B3}.Debug|Any CPU.ActiveCfg = Debug|Any CPU
		{766DDBFE-C10D-40A2-9F0A-48F1ED90A0B3}.Debug|Any CPU.Build.0 = Debug|Any CPU
		{766DDBFE-C10D-40A2-9F0A-48F1ED90A0B3}.Release|Any CPU.ActiveCfg = Release|Any CPU
		{766DDBFE-C10D-40A2-9F0A-48F1ED90A0B3}.Release|Any CPU.Build.0 = Release|Any CPU
		{07DD1E04-BD7E-4D66-91B1-037FC835EB80}.Debug|Any CPU.ActiveCfg = Debug|Any CPU
		{07DD1E04-BD7E-4D66-91B1-037FC835EB80}.Debug|Any CPU.Build.0 = Debug|Any CPU
		{07DD1E04-BD7E-4D66-91B1-037FC835EB80}.Release|Any CPU.ActiveCfg = Release|Any CPU
		{07DD1E04-BD7E-4D66-91B1-037FC835EB80}.Release|Any CPU.Build.0 = Release|Any CPU
		{199E66A0-0DA7-4AB1-B034-E4E434E8E921}.Debug|Any CPU.ActiveCfg = Debug|Any CPU
		{199E66A0-0DA7-4AB1-B034-E4E434E8E921}.Debug|Any CPU.Build.0 = Debug|Any CPU
		{199E66A0-0DA7-4AB1-B034-E4E434E8E921}.Release|Any CPU.ActiveCfg = Release|Any CPU
		{199E66A0-0DA7-4AB1-B034-E4E434E8E921}.Release|Any CPU.Build.0 = Release|Any CPU
		{889DD8C6-55BF-4192-AF52-1F4C8DE47E8C}.Debug|Any CPU.ActiveCfg = Debug|Any CPU
		{889DD8C6-55BF-4192-AF52-1F4C8DE47E8C}.Debug|Any CPU.Build.0 = Debug|Any CPU
		{889DD8C6-55BF-4192-AF52-1F4C8DE47E8C}.Release|Any CPU.ActiveCfg = Release|Any CPU
		{889DD8C6-55BF-4192-AF52-1F4C8DE47E8C}.Release|Any CPU.Build.0 = Release|Any CPU
		{6D23B996-9997-4ED2-B972-3162EE509502}.Debug|Any CPU.ActiveCfg = Debug|Any CPU
		{6D23B996-9997-4ED2-B972-3162EE509502}.Debug|Any CPU.Build.0 = Debug|Any CPU
		{6D23B996-9997-4ED2-B972-3162EE509502}.Release|Any CPU.ActiveCfg = Release|Any CPU
		{6D23B996-9997-4ED2-B972-3162EE509502}.Release|Any CPU.Build.0 = Release|Any CPU
	EndGlobalSection
	GlobalSection(SolutionProperties) = preSolution
		HideSolutionNode = FALSE
	EndGlobalSection
	GlobalSection(NestedProjects) = preSolution
		{D01976CC-118D-4A0D-A27A-AADE892CD869} = {02EA681E-C7D8-13C7-8484-4AC65E1B71E8}
		{E0E282A4-1A8A-484E-9FD0-5777F3CC5EEC} = {02EA681E-C7D8-13C7-8484-4AC65E1B71E8}
		{060A8B22-C836-41E5-90A0-4AE711C62D74} = {02EA681E-C7D8-13C7-8484-4AC65E1B71E8}
		{59AA4C4C-3E1D-4155-A105-B4E8E67F8A91} = {02EA681E-C7D8-13C7-8484-4AC65E1B71E8}
		{F5150ACC-D95E-49AA-B211-24CD2DB00B16} = {E0E282A4-1A8A-484E-9FD0-5777F3CC5EEC}
		{F81DC269-317F-45C9-8559-9CE98EA34ACA} = {D01976CC-118D-4A0D-A27A-AADE892CD869}
		{38738100-8BE1-4DC8-91BC-5D6F7211D6A9} = {F5150ACC-D95E-49AA-B211-24CD2DB00B16}
		{ED796C4F-4DFE-4A7D-AAC4-BB2C07B5FCD9} = {F5150ACC-D95E-49AA-B211-24CD2DB00B16}
		{766DDBFE-C10D-40A2-9F0A-48F1ED90A0B3} = {F5150ACC-D95E-49AA-B211-24CD2DB00B16}
		{07DD1E04-BD7E-4D66-91B1-037FC835EB80} = {060A8B22-C836-41E5-90A0-4AE711C62D74}
		{432E9B2A-A47A-4756-8FAA-FA161654D1AB} = {E0E282A4-1A8A-484E-9FD0-5777F3CC5EEC}
		{199E66A0-0DA7-4AB1-B034-E4E434E8E921} = {432E9B2A-A47A-4756-8FAA-FA161654D1AB}
		{889DD8C6-55BF-4192-AF52-1F4C8DE47E8C} = {432E9B2A-A47A-4756-8FAA-FA161654D1AB}
		{6D23B996-9997-4ED2-B972-3162EE509502} = {432E9B2A-A47A-4756-8FAA-FA161654D1AB}
	EndGlobalSection
	GlobalSection(ExtensibilityGlobals) = postSolution
		SolutionGuid = {5E3ACEE6-E796-4CEB-88A9-4FC34DA7FE95}
	EndGlobalSection
EndGlobal
